
Microsoft Visual Studio Solution File, Format Version 12.00
# Visual Studio Version 17
VisualStudioVersion = 17.7.34202.233
MinimumVisualStudioVersion = 10.0.40219.1
Project("{FAE04EC0-301F-11D3-BF4B-00C04F79EFBC}") = "SQL", "SQL.csproj", "{258135D4-73B4-4536-82D4-17A24A97D219}"
EndProject
Project("{FAE04EC0-301F-11D3-BF4B-00C04F79EFBC}") = "Singltone2", "..\..\..\Downloads\SQL\Singltone2\Singltone2.csproj", "{4BF93E4A-1A35-4B21-8404-E7EBAB9C4371}"
EndProject
Global
	GlobalSection(SolutionConfigurationPlatforms) = preSolution
		Debug|Any CPU = Debug|Any CPU
		Release|Any CPU = Release|Any CPU
	EndGlobalSection
	GlobalSection(ProjectConfigurationPlatforms) = postSolution
		{258135D4-73B4-4536-82D4-17A24A97D219}.Debug|Any CPU.ActiveCfg = Debug|Any CPU
		{258135D4-73B4-4536-82D4-17A24A97D219}.Debug|Any CPU.Build.0 = Debug|Any CPU
		{258135D4-73B4-4536-82D4-17A24A97D219}.Release|Any CPU.ActiveCfg = Release|Any CPU
		{258135D4-73B4-4536-82D4-17A24A97D219}.Release|Any CPU.Build.0 = Release|Any CPU
		{4BF93E4A-1A35-4B21-8404-E7EBAB9C4371}.Debug|Any CPU.ActiveCfg = Debug|Any CPU
		{4BF93E4A-1A35-4B21-8404-E7EBAB9C4371}.Debug|Any CPU.Build.0 = Debug|Any CPU
		{4BF93E4A-1A35-4B21-8404-E7EBAB9C4371}.Release|Any CPU.ActiveCfg = Release|Any CPU
		{4BF93E4A-1A35-4B21-8404-E7EBAB9C4371}.Release|Any CPU.Build.0 = Release|Any CPU
	EndGlobalSection
	GlobalSection(SolutionProperties) = preSolution
		HideSolutionNode = FALSE
	EndGlobalSection
EndGlobal
